// !$*UTF8*$!
{
	archiveVersion = 1;
	classes = {
	};
	objectVersion = 56;
	objects = {

/* Begin PBXBuildFile section */
		8B0D1E302B5E128100576930 /* PersonalSettingViewModel.swift in Sources */ = {isa = PBXBuildFile; fileRef = 8B0D1E2F2B5E128100576930 /* PersonalSettingViewModel.swift */; };
		8B6C53CD2AE8A2470039B467 /* RunningAppApp.swift in Sources */ = {isa = PBXBuildFile; fileRef = 8B6C53CC2AE8A2470039B467 /* RunningAppApp.swift */; };
		8B6C53CF2AE8A2470039B467 /* ContentView.swift in Sources */ = {isa = PBXBuildFile; fileRef = 8B6C53CE2AE8A2470039B467 /* ContentView.swift */; };
		8B6C53D12AE8A2480039B467 /* Assets.xcassets in Resources */ = {isa = PBXBuildFile; fileRef = 8B6C53D02AE8A2480039B467 /* Assets.xcassets */; };
		8B6C53D42AE8A2480039B467 /* Preview Assets.xcassets in Resources */ = {isa = PBXBuildFile; fileRef = 8B6C53D32AE8A2480039B467 /* Preview Assets.xcassets */; };
		8B6C54052AE9E5090039B467 /* HomeView.swift in Sources */ = {isa = PBXBuildFile; fileRef = 8B6C54042AE9E5090039B467 /* HomeView.swift */; };
		8B6EE38A2B4F6D4400D596C6 /* TodayRecordView.swift in Sources */ = {isa = PBXBuildFile; fileRef = 8B6EE3892B4F6D4400D596C6 /* TodayRecordView.swift */; };
		8B995E902B0072F6000FAA27 /* WeatherShowView.swift in Sources */ = {isa = PBXBuildFile; fileRef = 8B995E8F2B0072F6000FAA27 /* WeatherShowView.swift */; };
		8B995E942B0074C5000FAA27 /* WeatherDataModel.swift in Sources */ = {isa = PBXBuildFile; fileRef = 8B995E932B0074C5000FAA27 /* WeatherDataModel.swift */; };
		8B995E992B00766A000FAA27 /* Alamofire in Frameworks */ = {isa = PBXBuildFile; productRef = 8B995E982B00766A000FAA27 /* Alamofire */; };
		8B995E9D2B01BD6E000FAA27 /* WeatherViewModel.swift in Sources */ = {isa = PBXBuildFile; fileRef = 8B995E9C2B01BD6E000FAA27 /* WeatherViewModel.swift */; };
		8B995E9F2B01F0B4000FAA27 /* StartButtonView.swift in Sources */ = {isa = PBXBuildFile; fileRef = 8B995E9E2B01F0B4000FAA27 /* StartButtonView.swift */; };
		8B995EA52B01F88E000FAA27 /* CheckView.swift in Sources */ = {isa = PBXBuildFile; fileRef = 8B995EA42B01F88E000FAA27 /* CheckView.swift */; };
		8B995EA72B02010F000FAA27 /* RecordView.swift in Sources */ = {isa = PBXBuildFile; fileRef = 8B995EA62B02010F000FAA27 /* RecordView.swift */; };
		8B995EA92B020133000FAA27 /* MemoryView.swift in Sources */ = {isa = PBXBuildFile; fileRef = 8B995EA82B020133000FAA27 /* MemoryView.swift */; };
		8B995EAB2B02016E000FAA27 /* PersonalSettingView.swift in Sources */ = {isa = PBXBuildFile; fileRef = 8B995EAA2B02016E000FAA27 /* PersonalSettingView.swift */; };
		8BBCAF832B4CF1AF006E6269 /* HomeHealthViewModel.swift in Sources */ = {isa = PBXBuildFile; fileRef = 8BBCAF822B4CF1AF006E6269 /* HomeHealthViewModel.swift */; };
		8BE16C662B079FB00024ECA6 /* WeatherAPIClient.swift in Sources */ = {isa = PBXBuildFile; fileRef = 8BE16C652B079FB00024ECA6 /* WeatherAPIClient.swift */; };
		8BE16C6D2B0A041E0024ECA6 /* HealthDataModel.swift in Sources */ = {isa = PBXBuildFile; fileRef = 8BE16C6C2B0A041E0024ECA6 /* HealthDataModel.swift */; };
		8BE16C6F2B0A0F380024ECA6 /* MemoryViewModel.swift in Sources */ = {isa = PBXBuildFile; fileRef = 8BE16C6E2B0A0F380024ECA6 /* MemoryViewModel.swift */; };
		8BE16C712B0AE4CE0024ECA6 /* ChartDataModel.swift in Sources */ = {isa = PBXBuildFile; fileRef = 8BE16C702B0AE4CE0024ECA6 /* ChartDataModel.swift */; };
		8BE16C762B0B2B980024ECA6 /* ChartView.swift in Sources */ = {isa = PBXBuildFile; fileRef = 8BE16C752B0B2B980024ECA6 /* ChartView.swift */; };
		8BE16C792B0D9C6C0024ECA6 /* ChartDataView.swift in Sources */ = {isa = PBXBuildFile; fileRef = 8BE16C782B0D9C6C0024ECA6 /* ChartDataView.swift */; };
		8BE16C8F2B11EAA30024ECA6 /* MapLogView.swift in Sources */ = {isa = PBXBuildFile; fileRef = 8BE16C8E2B11EAA30024ECA6 /* MapLogView.swift */; };
		8BE16C912B11F6AB0024ECA6 /* ResultView.swift in Sources */ = {isa = PBXBuildFile; fileRef = 8BE16C902B11F6AB0024ECA6 /* ResultView.swift */; };
		8BE16C952B1309EB0024ECA6 /* MapLogViewModel.swift in Sources */ = {isa = PBXBuildFile; fileRef = 8BE16C942B1309EB0024ECA6 /* MapLogViewModel.swift */; };
		8BE16C982B1321C80024ECA6 /* FinishButtonView.swift in Sources */ = {isa = PBXBuildFile; fileRef = 8BE16C972B1321C80024ECA6 /* FinishButtonView.swift */; };
		8BE16C9A2B1348230024ECA6 /* TopTabView.swift in Sources */ = {isa = PBXBuildFile; fileRef = 8BE16C992B1348230024ECA6 /* TopTabView.swift */; };
		8BE16CA32B143FCF0024ECA6 /* NormalButtonView.swift in Sources */ = {isa = PBXBuildFile; fileRef = 8BE16CA22B143FCF0024ECA6 /* NormalButtonView.swift */; };
/* End PBXBuildFile section */

/* Begin PBXFileReference section */
		8B0D1E2F2B5E128100576930 /* PersonalSettingViewModel.swift */ = {isa = PBXFileReference; lastKnownFileType = sourcecode.swift; path = PersonalSettingViewModel.swift; sourceTree = "<group>"; };
		8B6C53C92AE8A2470039B467 /* RunningApp.app */ = {isa = PBXFileReference; explicitFileType = wrapper.application; includeInIndex = 0; path = RunningApp.app; sourceTree = BUILT_PRODUCTS_DIR; };
		8B6C53CC2AE8A2470039B467 /* RunningAppApp.swift */ = {isa = PBXFileReference; lastKnownFileType = sourcecode.swift; path = RunningAppApp.swift; sourceTree = "<group>"; };
		8B6C53CE2AE8A2470039B467 /* ContentView.swift */ = {isa = PBXFileReference; lastKnownFileType = sourcecode.swift; path = ContentView.swift; sourceTree = "<group>"; };
		8B6C53D02AE8A2480039B467 /* Assets.xcassets */ = {isa = PBXFileReference; lastKnownFileType = folder.assetcatalog; path = Assets.xcassets; sourceTree = "<group>"; };
		8B6C53D32AE8A2480039B467 /* Preview Assets.xcassets */ = {isa = PBXFileReference; lastKnownFileType = folder.assetcatalog; path = "Preview Assets.xcassets"; sourceTree = "<group>"; };
		8B6C54042AE9E5090039B467 /* HomeView.swift */ = {isa = PBXFileReference; lastKnownFileType = sourcecode.swift; path = HomeView.swift; sourceTree = "<group>"; };
		8B6EE3892B4F6D4400D596C6 /* TodayRecordView.swift */ = {isa = PBXFileReference; lastKnownFileType = sourcecode.swift; path = TodayRecordView.swift; sourceTree = "<group>"; };
		8B995E8F2B0072F6000FAA27 /* WeatherShowView.swift */ = {isa = PBXFileReference; lastKnownFileType = sourcecode.swift; path = WeatherShowView.swift; sourceTree = "<group>"; };
		8B995E932B0074C5000FAA27 /* WeatherDataModel.swift */ = {isa = PBXFileReference; lastKnownFileType = sourcecode.swift; path = WeatherDataModel.swift; sourceTree = "<group>"; };
		8B995E9C2B01BD6E000FAA27 /* WeatherViewModel.swift */ = {isa = PBXFileReference; lastKnownFileType = sourcecode.swift; path = WeatherViewModel.swift; sourceTree = "<group>"; };
		8B995E9E2B01F0B4000FAA27 /* StartButtonView.swift */ = {isa = PBXFileReference; lastKnownFileType = sourcecode.swift; path = StartButtonView.swift; sourceTree = "<group>"; };
		8B995EA42B01F88E000FAA27 /* CheckView.swift */ = {isa = PBXFileReference; lastKnownFileType = sourcecode.swift; path = CheckView.swift; sourceTree = "<group>"; };
		8B995EA62B02010F000FAA27 /* RecordView.swift */ = {isa = PBXFileReference; lastKnownFileType = sourcecode.swift; path = RecordView.swift; sourceTree = "<group>"; };
		8B995EA82B020133000FAA27 /* MemoryView.swift */ = {isa = PBXFileReference; lastKnownFileType = sourcecode.swift; path = MemoryView.swift; sourceTree = "<group>"; };
		8B995EAA2B02016E000FAA27 /* PersonalSettingView.swift */ = {isa = PBXFileReference; lastKnownFileType = sourcecode.swift; path = PersonalSettingView.swift; sourceTree = "<group>"; };
		8BBCAF822B4CF1AF006E6269 /* HomeHealthViewModel.swift */ = {isa = PBXFileReference; lastKnownFileType = sourcecode.swift; path = HomeHealthViewModel.swift; sourceTree = "<group>"; };
		8BE16C652B079FB00024ECA6 /* WeatherAPIClient.swift */ = {isa = PBXFileReference; lastKnownFileType = sourcecode.swift; path = WeatherAPIClient.swift; sourceTree = "<group>"; };
		8BE16C692B09D3DC0024ECA6 /* RunningApp.entitlements */ = {isa = PBXFileReference; lastKnownFileType = text.plist.entitlements; path = RunningApp.entitlements; sourceTree = "<group>"; };
		8BE16C6C2B0A041E0024ECA6 /* HealthDataModel.swift */ = {isa = PBXFileReference; lastKnownFileType = sourcecode.swift; path = HealthDataModel.swift; sourceTree = "<group>"; };
		8BE16C6E2B0A0F380024ECA6 /* MemoryViewModel.swift */ = {isa = PBXFileReference; lastKnownFileType = sourcecode.swift; path = MemoryViewModel.swift; sourceTree = "<group>"; };
		8BE16C702B0AE4CE0024ECA6 /* ChartDataModel.swift */ = {isa = PBXFileReference; lastKnownFileType = sourcecode.swift; path = ChartDataModel.swift; sourceTree = "<group>"; };
		8BE16C752B0B2B980024ECA6 /* ChartView.swift */ = {isa = PBXFileReference; lastKnownFileType = sourcecode.swift; path = ChartView.swift; sourceTree = "<group>"; };
		8BE16C772B0CEACF0024ECA6 /* Info.plist */ = {isa = PBXFileReference; lastKnownFileType = text.plist; path = Info.plist; sourceTree = "<group>"; };
		8BE16C782B0D9C6C0024ECA6 /* ChartDataView.swift */ = {isa = PBXFileReference; lastKnownFileType = sourcecode.swift; path = ChartDataView.swift; sourceTree = "<group>"; };
		8BE16C8E2B11EAA30024ECA6 /* MapLogView.swift */ = {isa = PBXFileReference; lastKnownFileType = sourcecode.swift; path = MapLogView.swift; sourceTree = "<group>"; };
		8BE16C902B11F6AB0024ECA6 /* ResultView.swift */ = {isa = PBXFileReference; lastKnownFileType = sourcecode.swift; path = ResultView.swift; sourceTree = "<group>"; };
		8BE16C942B1309EB0024ECA6 /* MapLogViewModel.swift */ = {isa = PBXFileReference; lastKnownFileType = sourcecode.swift; path = MapLogViewModel.swift; sourceTree = "<group>"; };
		8BE16C972B1321C80024ECA6 /* FinishButtonView.swift */ = {isa = PBXFileReference; lastKnownFileType = sourcecode.swift; path = FinishButtonView.swift; sourceTree = "<group>"; };
		8BE16C992B1348230024ECA6 /* TopTabView.swift */ = {isa = PBXFileReference; lastKnownFileType = sourcecode.swift; path = TopTabView.swift; sourceTree = "<group>"; };
		8BE16CA22B143FCF0024ECA6 /* NormalButtonView.swift */ = {isa = PBXFileReference; lastKnownFileType = sourcecode.swift; path = NormalButtonView.swift; sourceTree = "<group>"; };
/* End PBXFileReference section */

/* Begin PBXFrameworksBuildPhase section */
		8B6C53C62AE8A2470039B467 /* Frameworks */ = {
			isa = PBXFrameworksBuildPhase;
			buildActionMask = 2147483647;
			files = (
				8B995E992B00766A000FAA27 /* Alamofire in Frameworks */,
			);
			runOnlyForDeploymentPostprocessing = 0;
		};
/* End PBXFrameworksBuildPhase section */

/* Begin PBXGroup section */
		8B6C53C02AE8A2470039B467 = {
			isa = PBXGroup;
			children = (
				8B6C53CB2AE8A2470039B467 /* RunningApp */,
				8B6C53CA2AE8A2470039B467 /* Products */,
			);
			sourceTree = "<group>";
		};
		8B6C53CA2AE8A2470039B467 /* Products */ = {
			isa = PBXGroup;
			children = (
				8B6C53C92AE8A2470039B467 /* RunningApp.app */,
			);
			name = Products;
			sourceTree = "<group>";
		};
		8B6C53CB2AE8A2470039B467 /* RunningApp */ = {
			isa = PBXGroup;
			children = (
				8BE16C772B0CEACF0024ECA6 /* Info.plist */,
				8BE16C692B09D3DC0024ECA6 /* RunningApp.entitlements */,
				8B6C53CC2AE8A2470039B467 /* RunningAppApp.swift */,
				8B6C53CE2AE8A2470039B467 /* ContentView.swift */,
				8B6C54032AE8DF500039B467 /* ViewModel */,
				8B6C54022AE8DF330039B467 /* View */,
				8B6C54012AE8DF2E0039B467 /* Model */,
				8B6C53D02AE8A2480039B467 /* Assets.xcassets */,
				8B6C53D22AE8A2480039B467 /* Preview Content */,
			);
			path = RunningApp;
			sourceTree = "<group>";
		};
		8B6C53D22AE8A2480039B467 /* Preview Content */ = {
			isa = PBXGroup;
			children = (
				8B6C53D32AE8A2480039B467 /* Preview Assets.xcassets */,
			);
			path = "Preview Content";
			sourceTree = "<group>";
		};
		8B6C54012AE8DF2E0039B467 /* Model */ = {
			isa = PBXGroup;
			children = (
				8BE16C672B09D3540024ECA6 /* HomeView */,
				8BE16C682B09D38A0024ECA6 /* MemoryView */,
			);
			path = Model;
			sourceTree = "<group>";
		};
		8B6C54022AE8DF330039B467 /* View */ = {
			isa = PBXGroup;
			children = (
				8B6C54072AE9F7590039B467 /* Views */,
				8B6C54062AE9F74B0039B467 /* Screen */,
			);
			path = View;
			sourceTree = "<group>";
		};
		8B6C54032AE8DF500039B467 /* ViewModel */ = {
			isa = PBXGroup;
			children = (
				8BBCAF812B4CF153006E6269 /* HomeView */,
				8BE16C6E2B0A0F380024ECA6 /* MemoryViewModel.swift */,
				8BE16C942B1309EB0024ECA6 /* MapLogViewModel.swift */,
				8B0D1E2F2B5E128100576930 /* PersonalSettingViewModel.swift */,
			);
			path = ViewModel;
			sourceTree = "<group>";
		};
		8B6C54062AE9F74B0039B467 /* Screen */ = {
			isa = PBXGroup;
			children = (
				8B995EA22B01F7DD000FAA27 /* Main */,
				8B995EA32B01F7EE000FAA27 /* Measurement */,
			);
			name = Screen;
			sourceTree = "<group>";
		};
		8B6C54072AE9F7590039B467 /* Views */ = {
			isa = PBXGroup;
			children = (
				8BE16C9B2B143E010024ECA6 /* Measurement */,
				8BE16C962B1321920024ECA6 /* ResultView */,
				8BE16C722B0B2B3F0024ECA6 /* MemoryView */,
				8B995E9A2B0077A2000FAA27 /* HomeView */,
			);
			path = Views;
			sourceTree = "<group>";
		};
		8B995E9A2B0077A2000FAA27 /* HomeView */ = {
			isa = PBXGroup;
			children = (
				8B995E8F2B0072F6000FAA27 /* WeatherShowView.swift */,
				8B995E9E2B01F0B4000FAA27 /* StartButtonView.swift */,
				8B6EE3892B4F6D4400D596C6 /* TodayRecordView.swift */,
			);
			path = HomeView;
			sourceTree = "<group>";
		};
		8B995EA22B01F7DD000FAA27 /* Main */ = {
			isa = PBXGroup;
			children = (
				8B6C54042AE9E5090039B467 /* HomeView.swift */,
				8B995EA62B02010F000FAA27 /* RecordView.swift */,
				8B995EA82B020133000FAA27 /* MemoryView.swift */,
				8B995EAA2B02016E000FAA27 /* PersonalSettingView.swift */,
			);
			name = Main;
			sourceTree = "<group>";
		};
		8B995EA32B01F7EE000FAA27 /* Measurement */ = {
			isa = PBXGroup;
			children = (
				8B995EA42B01F88E000FAA27 /* CheckView.swift */,
				8BE16C8E2B11EAA30024ECA6 /* MapLogView.swift */,
				8BE16C902B11F6AB0024ECA6 /* ResultView.swift */,
			);
			name = Measurement;
			sourceTree = "<group>";
		};
		8BBCAF812B4CF153006E6269 /* HomeView */ = {
			isa = PBXGroup;
			children = (
				8B995E9C2B01BD6E000FAA27 /* WeatherViewModel.swift */,
				8BBCAF822B4CF1AF006E6269 /* HomeHealthViewModel.swift */,
			);
			path = HomeView;
			sourceTree = "<group>";
		};
		8BE16C672B09D3540024ECA6 /* HomeView */ = {
			isa = PBXGroup;
			children = (
				8B995E932B0074C5000FAA27 /* WeatherDataModel.swift */,
				8BE16C652B079FB00024ECA6 /* WeatherAPIClient.swift */,
			);
			path = HomeView;
			sourceTree = "<group>";
		};
		8BE16C682B09D38A0024ECA6 /* MemoryView */ = {
			isa = PBXGroup;
			children = (
				8BE16C6C2B0A041E0024ECA6 /* HealthDataModel.swift */,
				8BE16C702B0AE4CE0024ECA6 /* ChartDataModel.swift */,
			);
			path = MemoryView;
			sourceTree = "<group>";
		};
		8BE16C722B0B2B3F0024ECA6 /* MemoryView */ = {
			isa = PBXGroup;
			children = (
				8BE16C752B0B2B980024ECA6 /* ChartView.swift */,
				8BE16C782B0D9C6C0024ECA6 /* ChartDataView.swift */,
				8BE16C992B1348230024ECA6 /* TopTabView.swift */,
			);
			path = MemoryView;
			sourceTree = "<group>";
		};
		8BE16C962B1321920024ECA6 /* ResultView */ = {
			isa = PBXGroup;
			children = (
				8BE16C972B1321C80024ECA6 /* FinishButtonView.swift */,
			);
			path = ResultView;
			sourceTree = "<group>";
		};
		8BE16C9B2B143E010024ECA6 /* Measurement */ = {
			isa = PBXGroup;
			children = (
				8BE16CA22B143FCF0024ECA6 /* NormalButtonView.swift */,
			);
			path = Measurement;
			sourceTree = "<group>";
		};
/* End PBXGroup section */

/* Begin PBXNativeTarget section */
		8B6C53C82AE8A2470039B467 /* RunningApp */ = {
			isa = PBXNativeTarget;
			buildConfigurationList = 8B6C53D72AE8A2480039B467 /* Build configuration list for PBXNativeTarget "RunningApp" */;
			buildPhases = (
				8B6C53C52AE8A2470039B467 /* Sources */,
				8B6C53C62AE8A2470039B467 /* Frameworks */,
				8B6C53C72AE8A2470039B467 /* Resources */,
			);
			buildRules = (
			);
			dependencies = (
			);
			name = RunningApp;
			packageProductDependencies = (
				8B995E982B00766A000FAA27 /* Alamofire */,
			);
			productName = RunningApp;
			productReference = 8B6C53C92AE8A2470039B467 /* RunningApp.app */;
			productType = "com.apple.product-type.application";
		};
/* End PBXNativeTarget section */

/* Begin PBXProject section */
		8B6C53C12AE8A2470039B467 /* Project object */ = {
			isa = PBXProject;
			attributes = {
				BuildIndependentTargetsInParallel = 1;
				LastSwiftUpdateCheck = 1430;
				LastUpgradeCheck = 1520;
				TargetAttributes = {
					8B6C53C82AE8A2470039B467 = {
						CreatedOnToolsVersion = 14.3.1;
					};
				};
			};
			buildConfigurationList = 8B6C53C42AE8A2470039B467 /* Build configuration list for PBXProject "RunningApp" */;
			compatibilityVersion = "Xcode 14.0";
			developmentRegion = en;
			hasScannedForEncodings = 0;
			knownRegions = (
				en,
				Base,
			);
			mainGroup = 8B6C53C02AE8A2470039B467;
			packageReferences = (
				8B995E972B00766A000FAA27 /* XCRemoteSwiftPackageReference "Alamofire" */,
			);
			productRefGroup = 8B6C53CA2AE8A2470039B467 /* Products */;
			projectDirPath = "";
			projectRoot = "";
			targets = (
				8B6C53C82AE8A2470039B467 /* RunningApp */,
			);
		};
/* End PBXProject section */

/* Begin PBXResourcesBuildPhase section */
		8B6C53C72AE8A2470039B467 /* Resources */ = {
			isa = PBXResourcesBuildPhase;
			buildActionMask = 2147483647;
			files = (
				8B6C53D42AE8A2480039B467 /* Preview Assets.xcassets in Resources */,
				8B6C53D12AE8A2480039B467 /* Assets.xcassets in Resources */,
			);
			runOnlyForDeploymentPostprocessing = 0;
		};
/* End PBXResourcesBuildPhase section */

/* Begin PBXSourcesBuildPhase section */
		8B6C53C52AE8A2470039B467 /* Sources */ = {
			isa = PBXSourcesBuildPhase;
			buildActionMask = 2147483647;
			files = (
				8BE16C982B1321C80024ECA6 /* FinishButtonView.swift in Sources */,
				8B995EAB2B02016E000FAA27 /* PersonalSettingView.swift in Sources */,
				8B995E902B0072F6000FAA27 /* WeatherShowView.swift in Sources */,
				8BE16C8F2B11EAA30024ECA6 /* MapLogView.swift in Sources */,
				8BE16C912B11F6AB0024ECA6 /* ResultView.swift in Sources */,
				8B995E942B0074C5000FAA27 /* WeatherDataModel.swift in Sources */,
				8BE16C9A2B1348230024ECA6 /* TopTabView.swift in Sources */,
				8BBCAF832B4CF1AF006E6269 /* HomeHealthViewModel.swift in Sources */,
				8B995EA92B020133000FAA27 /* MemoryView.swift in Sources */,
				8B995EA72B02010F000FAA27 /* RecordView.swift in Sources */,
				8B6C54052AE9E5090039B467 /* HomeView.swift in Sources */,
				8B6C53CF2AE8A2470039B467 /* ContentView.swift in Sources */,
				8BE16C762B0B2B980024ECA6 /* ChartView.swift in Sources */,
				8BE16C6F2B0A0F380024ECA6 /* MemoryViewModel.swift in Sources */,
				8BE16C792B0D9C6C0024ECA6 /* ChartDataView.swift in Sources */,
				8B995E9F2B01F0B4000FAA27 /* StartButtonView.swift in Sources */,
				8B6EE38A2B4F6D4400D596C6 /* TodayRecordView.swift in Sources */,
				8BE16C662B079FB00024ECA6 /* WeatherAPIClient.swift in Sources */,
				8B995E9D2B01BD6E000FAA27 /* WeatherViewModel.swift in Sources */,
				8BE16C712B0AE4CE0024ECA6 /* ChartDataModel.swift in Sources */,
				8BE16C952B1309EB0024ECA6 /* MapLogViewModel.swift in Sources */,
				8B6C53CD2AE8A2470039B467 /* RunningAppApp.swift in Sources */,
				8B0D1E302B5E128100576930 /* PersonalSettingViewModel.swift in Sources */,
				8BE16C6D2B0A041E0024ECA6 /* HealthDataModel.swift in Sources */,
				8B995EA52B01F88E000FAA27 /* CheckView.swift in Sources */,
				8BE16CA32B143FCF0024ECA6 /* NormalButtonView.swift in Sources */,
			);
			runOnlyForDeploymentPostprocessing = 0;
		};
/* End PBXSourcesBuildPhase section */

/* Begin XCBuildConfiguration section */
		8B6C53D52AE8A2480039B467 /* Debug */ = {
			isa = XCBuildConfiguration;
			buildSettings = {
				ALWAYS_SEARCH_USER_PATHS = NO;
				CLANG_ANALYZER_NONNULL = YES;
				CLANG_ANALYZER_NUMBER_OBJECT_CONVERSION = YES_AGGRESSIVE;
				CLANG_CXX_LANGUAGE_STANDARD = "gnu++20";
				CLANG_ENABLE_MODULES = YES;
				CLANG_ENABLE_OBJC_ARC = YES;
				CLANG_ENABLE_OBJC_WEAK = YES;
				CLANG_WARN_BLOCK_CAPTURE_AUTORELEASING = YES;
				CLANG_WARN_BOOL_CONVERSION = YES;
				CLANG_WARN_COMMA = YES;
				CLANG_WARN_CONSTANT_CONVERSION = YES;
				CLANG_WARN_DEPRECATED_OBJC_IMPLEMENTATIONS = YES;
				CLANG_WARN_DIRECT_OBJC_ISA_USAGE = YES_ERROR;
				CLANG_WARN_DOCUMENTATION_COMMENTS = YES;
				CLANG_WARN_EMPTY_BODY = YES;
				CLANG_WARN_ENUM_CONVERSION = YES;
				CLANG_WARN_INFINITE_RECURSION = YES;
				CLANG_WARN_INT_CONVERSION = YES;
				CLANG_WARN_NON_LITERAL_NULL_CONVERSION = YES;
				CLANG_WARN_OBJC_IMPLICIT_RETAIN_SELF = YES;
				CLANG_WARN_OBJC_LITERAL_CONVERSION = YES;
				CLANG_WARN_OBJC_ROOT_CLASS = YES_ERROR;
				CLANG_WARN_QUOTED_INCLUDE_IN_FRAMEWORK_HEADER = YES;
				CLANG_WARN_RANGE_LOOP_ANALYSIS = YES;
				CLANG_WARN_STRICT_PROTOTYPES = YES;
				CLANG_WARN_SUSPICIOUS_MOVE = YES;
				CLANG_WARN_UNGUARDED_AVAILABILITY = YES_AGGRESSIVE;
				CLANG_WARN_UNREACHABLE_CODE = YES;
				CLANG_WARN__DUPLICATE_METHOD_MATCH = YES;
				COPY_PHASE_STRIP = NO;
				DEBUG_INFORMATION_FORMAT = dwarf;
				ENABLE_STRICT_OBJC_MSGSEND = YES;
				ENABLE_TESTABILITY = YES;
				ENABLE_USER_SCRIPT_SANDBOXING = YES;
				GCC_C_LANGUAGE_STANDARD = gnu11;
				GCC_DYNAMIC_NO_PIC = NO;
				GCC_NO_COMMON_BLOCKS = YES;
				GCC_OPTIMIZATION_LEVEL = 0;
				GCC_PREPROCESSOR_DEFINITIONS = (
					"DEBUG=1",
					"$(inherited)",
				);
				GCC_WARN_64_TO_32_BIT_CONVERSION = YES;
				GCC_WARN_ABOUT_RETURN_TYPE = YES_ERROR;
				GCC_WARN_UNDECLARED_SELECTOR = YES;
				GCC_WARN_UNINITIALIZED_AUTOS = YES_AGGRESSIVE;
				GCC_WARN_UNUSED_FUNCTION = YES;
				GCC_WARN_UNUSED_VARIABLE = YES;
				IPHONEOS_DEPLOYMENT_TARGET = 17.2;
				MTL_ENABLE_DEBUG_INFO = INCLUDE_SOURCE;
				MTL_FAST_MATH = YES;
				ONLY_ACTIVE_ARCH = YES;
				SDKROOT = iphoneos;
				SWIFT_ACTIVE_COMPILATION_CONDITIONS = DEBUG;
				SWIFT_OPTIMIZATION_LEVEL = "-Onone";
			};
			name = Debug;
		};
		8B6C53D62AE8A2480039B467 /* Release */ = {
			isa = XCBuildConfiguration;
			buildSettings = {
				ALWAYS_SEARCH_USER_PATHS = NO;
				CLANG_ANALYZER_NONNULL = YES;
				CLANG_ANALYZER_NUMBER_OBJECT_CONVERSION = YES_AGGRESSIVE;
				CLANG_CXX_LANGUAGE_STANDARD = "gnu++20";
				CLANG_ENABLE_MODULES = YES;
				CLANG_ENABLE_OBJC_ARC = YES;
				CLANG_ENABLE_OBJC_WEAK = YES;
				CLANG_WARN_BLOCK_CAPTURE_AUTORELEASING = YES;
				CLANG_WARN_BOOL_CONVERSION = YES;
				CLANG_WARN_COMMA = YES;
				CLANG_WARN_CONSTANT_CONVERSION = YES;
				CLANG_WARN_DEPRECATED_OBJC_IMPLEMENTATIONS = YES;
				CLANG_WARN_DIRECT_OBJC_ISA_USAGE = YES_ERROR;
				CLANG_WARN_DOCUMENTATION_COMMENTS = YES;
				CLANG_WARN_EMPTY_BODY = YES;
				CLANG_WARN_ENUM_CONVERSION = YES;
				CLANG_WARN_INFINITE_RECURSION = YES;
				CLANG_WARN_INT_CONVERSION = YES;
				CLANG_WARN_NON_LITERAL_NULL_CONVERSION = YES;
				CLANG_WARN_OBJC_IMPLICIT_RETAIN_SELF = YES;
				CLANG_WARN_OBJC_LITERAL_CONVERSION = YES;
				CLANG_WARN_OBJC_ROOT_CLASS = YES_ERROR;
				CLANG_WARN_QUOTED_INCLUDE_IN_FRAMEWORK_HEADER = YES;
				CLANG_WARN_RANGE_LOOP_ANALYSIS = YES;
				CLANG_WARN_STRICT_PROTOTYPES = YES;
				CLANG_WARN_SUSPICIOUS_MOVE = YES;
				CLANG_WARN_UNGUARDED_AVAILABILITY = YES_AGGRESSIVE;
				CLANG_WARN_UNREACHABLE_CODE = YES;
				CLANG_WARN__DUPLICATE_METHOD_MATCH = YES;
				COPY_PHASE_STRIP = NO;
				DEBUG_INFORMATION_FORMAT = "dwarf-with-dsym";
				ENABLE_NS_ASSERTIONS = NO;
				ENABLE_STRICT_OBJC_MSGSEND = YES;
				ENABLE_USER_SCRIPT_SANDBOXING = YES;
				GCC_C_LANGUAGE_STANDARD = gnu11;
				GCC_NO_COMMON_BLOCKS = YES;
				GCC_WARN_64_TO_32_BIT_CONVERSION = YES;
				GCC_WARN_ABOUT_RETURN_TYPE = YES_ERROR;
				GCC_WARN_UNDECLARED_SELECTOR = YES;
				GCC_WARN_UNINITIALIZED_AUTOS = YES_AGGRESSIVE;
				GCC_WARN_UNUSED_FUNCTION = YES;
				GCC_WARN_UNUSED_VARIABLE = YES;
				IPHONEOS_DEPLOYMENT_TARGET = 17.2;
				MTL_ENABLE_DEBUG_INFO = NO;
				MTL_FAST_MATH = YES;
				SDKROOT = iphoneos;
				SWIFT_COMPILATION_MODE = wholemodule;
				SWIFT_OPTIMIZATION_LEVEL = "-O";
				VALIDATE_PRODUCT = YES;
			};
			name = Release;
		};
		8B6C53D82AE8A2480039B467 /* Debug */ = {
			isa = XCBuildConfiguration;
			buildSettings = {
				ASSETCATALOG_COMPILER_APPICON_NAME = AppIcon;
				ASSETCATALOG_COMPILER_GLOBAL_ACCENT_COLOR_NAME = AccentColor;
				CODE_SIGN_ENTITLEMENTS = RunningApp/RunningApp.entitlements;
				CODE_SIGN_STYLE = Automatic;
				CURRENT_PROJECT_VERSION = 1;
				DEVELOPMENT_ASSET_PATHS = "\"RunningApp/Preview Content\"";
				DEVELOPMENT_TEAM = RGJJ9A3WD8;
				ENABLE_PREVIEWS = YES;
				GENERATE_INFOPLIST_FILE = YES;
				INFOPLIST_FILE = RunningApp/Info.plist;
				INFOPLIST_KEY_NSHealthShareUsageDescription = "歩数、消費カロリー、運動距離を取得します。";
				INFOPLIST_KEY_NSLocationWhenInUseUsageDescription = "現在地を取得するために使用";
				INFOPLIST_KEY_UIApplicationSceneManifest_Generation = YES;
				INFOPLIST_KEY_UIApplicationSupportsIndirectInputEvents = YES;
				INFOPLIST_KEY_UILaunchScreen_Generation = YES;
				INFOPLIST_KEY_UISupportedInterfaceOrientations_iPad = "UIInterfaceOrientationPortrait UIInterfaceOrientationPortraitUpsideDown UIInterfaceOrientationLandscapeLeft UIInterfaceOrientationLandscapeRight";
				INFOPLIST_KEY_UISupportedInterfaceOrientations_iPhone = "UIInterfaceOrientationPortrait UIInterfaceOrientationLandscapeLeft UIInterfaceOrientationLandscapeRight";
				LD_RUNPATH_SEARCH_PATHS = (
					"$(inherited)",
					"@executable_path/Frameworks",
				);
				MARKETING_VERSION = 1.0;
				PRODUCT_BUNDLE_IDENTIFIER = com.sa.fujii.68.RunningApp;
				PRODUCT_NAME = "$(TARGET_NAME)";
				SWIFT_EMIT_LOC_STRINGS = YES;
				SWIFT_VERSION = 5.0;
				TARGETED_DEVICE_FAMILY = "1,2";
			};
			name = Debug;
		};
		8B6C53D92AE8A2480039B467 /* Release */ = {
			isa = XCBuildConfiguration;
			buildSettings = {
				ASSETCATALOG_COMPILER_APPICON_NAME = AppIcon;
				ASSETCATALOG_COMPILER_GLOBAL_ACCENT_COLOR_NAME = AccentColor;
				CODE_SIGN_ENTITLEMENTS = RunningApp/RunningApp.entitlements;
				CODE_SIGN_STYLE = Automatic;
				CURRENT_PROJECT_VERSION = 1;
				DEVELOPMENT_ASSET_PATHS = "\"RunningApp/Preview Content\"";
				DEVELOPMENT_TEAM = RGJJ9A3WD8;
				ENABLE_PREVIEWS = YES;
				GENERATE_INFOPLIST_FILE = YES;
				INFOPLIST_FILE = RunningApp/Info.plist;
				INFOPLIST_KEY_NSHealthShareUsageDescription = "歩数、消費カロリー、運動距離を取得します。";
				INFOPLIST_KEY_NSLocationWhenInUseUsageDescription = "現在地を取得するために使用";
				INFOPLIST_KEY_UIApplicationSceneManifest_Generation = YES;
				INFOPLIST_KEY_UIApplicationSupportsIndirectInputEvents = YES;
				INFOPLIST_KEY_UILaunchScreen_Generation = YES;
				INFOPLIST_KEY_UISupportedInterfaceOrientations_iPad = "UIInterfaceOrientationPortrait UIInterfaceOrientationPortraitUpsideDown UIInterfaceOrientationLandscapeLeft UIInterfaceOrientationLandscapeRight";
				INFOPLIST_KEY_UISupportedInterfaceOrientations_iPhone = "UIInterfaceOrientationPortrait UIInterfaceOrientationLandscapeLeft UIInterfaceOrientationLandscapeRight";
				LD_RUNPATH_SEARCH_PATHS = (
					"$(inherited)",
					"@executable_path/Frameworks",
				);
				MARKETING_VERSION = 1.0;
				PRODUCT_BUNDLE_IDENTIFIER = com.sa.fujii.68.RunningApp;
				PRODUCT_NAME = "$(TARGET_NAME)";
				SWIFT_EMIT_LOC_STRINGS = YES;
				SWIFT_VERSION = 5.0;
				TARGETED_DEVICE_FAMILY = "1,2";
			};
			name = Release;
		};
/* End XCBuildConfiguration section */

/* Begin XCConfigurationList section */
		8B6C53C42AE8A2470039B467 /* Build configuration list for PBXProject "RunningApp" */ = {
			isa = XCConfigurationList;
			buildConfigurations = (
				8B6C53D52AE8A2480039B467 /* Debug */,
				8B6C53D62AE8A2480039B467 /* Release */,
			);
			defaultConfigurationIsVisible = 0;
			defaultConfigurationName = Release;
		};
		8B6C53D72AE8A2480039B467 /* Build configuration list for PBXNativeTarget "RunningApp" */ = {
			isa = XCConfigurationList;
			buildConfigurations = (
				8B6C53D82AE8A2480039B467 /* Debug */,
				8B6C53D92AE8A2480039B467 /* Release */,
			);
			defaultConfigurationIsVisible = 0;
			defaultConfigurationName = Release;
		};
/* End XCConfigurationList section */

/* Begin XCRemoteSwiftPackageReference section */
		8B995E972B00766A000FAA27 /* XCRemoteSwiftPackageReference "Alamofire" */ = {
			isa = XCRemoteSwiftPackageReference;
			repositoryURL = "https://github.com/Alamofire/Alamofire";
			requirement = {
				kind = upToNextMajorVersion;
				minimumVersion = 5.0.0;
			};
		};
/* End XCRemoteSwiftPackageReference section */

/* Begin XCSwiftPackageProductDependency section */
		8B995E982B00766A000FAA27 /* Alamofire */ = {
			isa = XCSwiftPackageProductDependency;
			package = 8B995E972B00766A000FAA27 /* XCRemoteSwiftPackageReference "Alamofire" */;
			productName = Alamofire;
		};
/* End XCSwiftPackageProductDependency section */
	};
	rootObject = 8B6C53C12AE8A2470039B467 /* Project object */;
}
